
Microsoft Visual Studio Solution File, Format Version 12.00
# Visual Studio Version 16
VisualStudioVersion = 16.0.29209.62
MinimumVisualStudioVersion = 10.0.40219.1
Project("{9A19103F-16F7-4668-BE54-9A1E7A4F7556}") = "LinkedList", "LinkedList\LinkedList\LinkedList.csproj", "{B7B633A6-5B08-42C3-896A-BB821F16D589}"
EndProject
Project("{9A19103F-16F7-4668-BE54-9A1E7A4F7556}") = "LinkedList.Test", "LinkedList.Test\LinkedList.Test.csproj", "{56EF4C08-6483-4275-BAA9-60190DC02466}"
EndProject
Project("{9A19103F-16F7-4668-BE54-9A1E7A4F7556}") = "Stack", "Stack\Stack.csproj", "{AC1C9CF1-A522-41D0-BE1C-326FBFDE7744}"
EndProject
Project("{9A19103F-16F7-4668-BE54-9A1E7A4F7556}") = "Stack.Test", "Stack.Test\Stack.Test.csproj", "{6C6E0054-E69C-42E3-A01B-A8961424D13D}"
EndProject
Project("{9A19103F-16F7-4668-BE54-9A1E7A4F7556}") = "BinarySearch", "BinarySearch\BinarySearch.csproj", "{9569094B-F78D-4FBD-9DCF-D68656B3352A}"
EndProject
Project("{9A19103F-16F7-4668-BE54-9A1E7A4F7556}") = "BinarySearch.Test", "BinarySearch.Test\BinarySearch.Test.csproj", "{2635CE02-B354-4287-A200-614F9029BD1D}"
EndProject
Project("{FAE04EC0-301F-11D3-BF4B-00C04F79EFBC}") = "OnesComplement", "OnesComplement\OnesComplement.csproj", "{328A8DCB-6BEC-4B75-A1A1-CA6382644476}"
EndProject
Project("{FAE04EC0-301F-11D3-BF4B-00C04F79EFBC}") = "OnesComplement.Test", "OnesComplement.Test\OnesComplement.Test.csproj", "{503089A3-2C02-4C34-9B95-E64E3187209B}"
EndProject
Global
	GlobalSection(SolutionConfigurationPlatforms) = preSolution
		Debug|Any CPU = Debug|Any CPU
		Release|Any CPU = Release|Any CPU
	EndGlobalSection
	GlobalSection(ProjectConfigurationPlatforms) = postSolution
		{B7B633A6-5B08-42C3-896A-BB821F16D589}.Debug|Any CPU.ActiveCfg = Debug|Any CPU
		{B7B633A6-5B08-42C3-896A-BB821F16D589}.Debug|Any CPU.Build.0 = Debug|Any CPU
		{B7B633A6-5B08-42C3-896A-BB821F16D589}.Release|Any CPU.ActiveCfg = Release|Any CPU
		{B7B633A6-5B08-42C3-896A-BB821F16D589}.Release|Any CPU.Build.0 = Release|Any CPU
		{56EF4C08-6483-4275-BAA9-60190DC02466}.Debug|Any CPU.ActiveCfg = Debug|Any CPU
		{56EF4C08-6483-4275-BAA9-60190DC02466}.Debug|Any CPU.Build.0 = Debug|Any CPU
		{56EF4C08-6483-4275-BAA9-60190DC02466}.Release|Any CPU.ActiveCfg = Release|Any CPU
		{56EF4C08-6483-4275-BAA9-60190DC02466}.Release|Any CPU.Build.0 = Release|Any CPU
		{AC1C9CF1-A522-41D0-BE1C-326FBFDE7744}.Debug|Any CPU.ActiveCfg = Debug|Any CPU
		{AC1C9CF1-A522-41D0-BE1C-326FBFDE7744}.Debug|Any CPU.Build.0 = Debug|Any CPU
		{AC1C9CF1-A522-41D0-BE1C-326FBFDE7744}.Release|Any CPU.ActiveCfg = Release|Any CPU
		{AC1C9CF1-A522-41D0-BE1C-326FBFDE7744}.Release|Any CPU.Build.0 = Release|Any CPU
		{6C6E0054-E69C-42E3-A01B-A8961424D13D}.Debug|Any CPU.ActiveCfg = Debug|Any CPU
		{6C6E0054-E69C-42E3-A01B-A8961424D13D}.Debug|Any CPU.Build.0 = Debug|Any CPU
		{6C6E0054-E69C-42E3-A01B-A8961424D13D}.Release|Any CPU.ActiveCfg = Release|Any CPU
		{6C6E0054-E69C-42E3-A01B-A8961424D13D}.Release|Any CPU.Build.0 = Release|Any CPU
		{9569094B-F78D-4FBD-9DCF-D68656B3352A}.Debug|Any CPU.ActiveCfg = Debug|Any CPU
		{9569094B-F78D-4FBD-9DCF-D68656B3352A}.Debug|Any CPU.Build.0 = Debug|Any CPU
		{9569094B-F78D-4FBD-9DCF-D68656B3352A}.Release|Any CPU.ActiveCfg = Release|Any CPU
		{9569094B-F78D-4FBD-9DCF-D68656B3352A}.Release|Any CPU.Build.0 = Release|Any CPU
		{2635CE02-B354-4287-A200-614F9029BD1D}.Debug|Any CPU.ActiveCfg = Debug|Any CPU
		{2635CE02-B354-4287-A200-614F9029BD1D}.Debug|Any CPU.Build.0 = Debug|Any CPU
		{2635CE02-B354-4287-A200-614F9029BD1D}.Release|Any CPU.ActiveCfg = Release|Any CPU
		{2635CE02-B354-4287-A200-614F9029BD1D}.Release|Any CPU.Build.0 = Release|Any CPU
		{328A8DCB-6BEC-4B75-A1A1-CA6382644476}.Debug|Any CPU.ActiveCfg = Debug|Any CPU
		{328A8DCB-6BEC-4B75-A1A1-CA6382644476}.Debug|Any CPU.Build.0 = Debug|Any CPU
		{328A8DCB-6BEC-4B75-A1A1-CA6382644476}.Release|Any CPU.ActiveCfg = Release|Any CPU
		{328A8DCB-6BEC-4B75-A1A1-CA6382644476}.Release|Any CPU.Build.0 = Release|Any CPU
		{503089A3-2C02-4C34-9B95-E64E3187209B}.Debug|Any CPU.ActiveCfg = Debug|Any CPU
		{503089A3-2C02-4C34-9B95-E64E3187209B}.Debug|Any CPU.Build.0 = Debug|Any CPU
		{503089A3-2C02-4C34-9B95-E64E3187209B}.Release|Any CPU.ActiveCfg = Release|Any CPU
		{503089A3-2C02-4C34-9B95-E64E3187209B}.Release|Any CPU.Build.0 = Release|Any CPU
	EndGlobalSection
	GlobalSection(SolutionProperties) = preSolution
		HideSolutionNode = FALSE
	EndGlobalSection
	GlobalSection(ExtensibilityGlobals) = postSolution
		SolutionGuid = {6CC55511-EC6B-4E23-9E7D-162D81BA202E}
	EndGlobalSection
EndGlobal
